
Microsoft Visual Studio Solution File, Format Version 12.00
# Visual Studio Version 16
VisualStudioVersion = 16.0.30225.117
MinimumVisualStudioVersion = 10.0.40219.1
Project("{9A19103F-16F7-4668-BE54-9A1E7A4F7556}") = "WebStoreGusev", "WebStoreGusev\WebStoreGusev.csproj", "{57F25FEC-416E-4174-934D-4FDEE4133C41}"
EndProject
Project("{FAE04EC0-301F-11D3-BF4B-00C04F79EFBC}") = "WebStoreGusev.Domain", "WebStoreGusev.Domain\WebStoreGusev.Domain.csproj", "{786F49F9-1E9F-43DB-876B-1B180771A3D5}"
EndProject
Global
	GlobalSection(SolutionConfigurationPlatforms) = preSolution
		Debug|Any CPU = Debug|Any CPU
		Release|Any CPU = Release|Any CPU
	EndGlobalSection
	GlobalSection(ProjectConfigurationPlatforms) = postSolution
		{57F25FEC-416E-4174-934D-4FDEE4133C41}.Debug|Any CPU.ActiveCfg = Debug|Any CPU
		{57F25FEC-416E-4174-934D-4FDEE4133C41}.Debug|Any CPU.Build.0 = Debug|Any CPU
		{57F25FEC-416E-4174-934D-4FDEE4133C41}.Release|Any CPU.ActiveCfg = Release|Any CPU
		{57F25FEC-416E-4174-934D-4FDEE4133C41}.Release|Any CPU.Build.0 = Release|Any CPU
		{786F49F9-1E9F-43DB-876B-1B180771A3D5}.Debug|Any CPU.ActiveCfg = Debug|Any CPU
		{786F49F9-1E9F-43DB-876B-1B180771A3D5}.Debug|Any CPU.Build.0 = Debug|Any CPU
		{786F49F9-1E9F-43DB-876B-1B180771A3D5}.Release|Any CPU.ActiveCfg = Release|Any CPU
		{786F49F9-1E9F-43DB-876B-1B180771A3D5}.Release|Any CPU.Build.0 = Release|Any CPU
	EndGlobalSection
	GlobalSection(SolutionProperties) = preSolution
		HideSolutionNode = FALSE
	EndGlobalSection
	GlobalSection(ExtensibilityGlobals) = postSolution
		SolutionGuid = {8C757BB0-38D6-4157-B64A-818892F0539B}
	EndGlobalSection
EndGlobal
